{
    "name": "@rucken/todo-core",
    "version": "0.2.1",
    "lockfileVersion": 1,
    "requires": true,
    "dependencies": {
        "@rucken/core": {
            "version": "1.18.5",
            "resolved": "https://registry.npmjs.org/@rucken/core/-/core-1.18.5.tgz",
            "integrity": "sha512-WsW0bsiCMasTFywsvgBy3hwuXyY8A+DsEVtOu0xyqYMHSAVtJZuXKMukV6ibGFWFQIs8Unx5azj29uT6aNTy2A==",
            "requires": {
                "@types/lodash": "4.14.78",
                "angular2-jwt": "0.2.3",
                "lodash": "4.17.4",
                "moment": "2.19.1"
            }
        },
        "@types/lodash": {
            "version": "4.14.78",
            "resolved": "https://registry.npmjs.org/@types/lodash/-/lodash-4.14.78.tgz",
            "integrity": "sha512-AflcpYyLyf/VIgSJbG/WMx7Bk00UejtSjYUW176K7erXChVcZENFdgOKOKfOXX9MmcXKoZW1QVFbqYapkhn1rA=="
        },
        "angular2-jwt": {
            "version": "0.2.3",
            "resolved": "https://registry.npmjs.org/angular2-jwt/-/angular2-jwt-0.2.3.tgz",
            "integrity": "sha1-VO/do87tuoX2o3sWXyKsIrit8CE="
        },
        "lodash": {
            "version": "4.17.4",
            "resolved": "https://registry.npmjs.org/lodash/-/lodash-4.17.4.tgz",
            "integrity": "sha1-eCA6TRwyiuHYbcpkYONptX9AVa4="
        },
        "moment": {
            "version": "2.19.1",
            "resolved": "https://registry.npmjs.org/moment/-/moment-2.19.1.tgz",
            "integrity": "sha1-VtoaLRy/AdOLfhr8McELz6GSkWc="
        }
    }
}
